
Microsoft Visual Studio Solution File, Format Version 12.00
# Visual Studio Version 16
VisualStudioVersion = 16.0.28922.388
MinimumVisualStudioVersion = 10.0.40219.1
Project("{FAE04EC0-301F-11D3-BF4B-00C04F79EFBC}") = "WPFUI", "WPFUI\WPFUI.csproj", "{79EE02FE-BE60-496F-8D0A-8C9E5D600633}"
EndProject
Project("{FAE04EC0-301F-11D3-BF4B-00C04F79EFBC}") = "Engine", "Engine\Engine.csproj", "{7882269E-AA15-45FE-9D12-473FF508B9D9}"
EndProject
Global
	GlobalSection(SolutionConfigurationPlatforms) = preSolution
		Debug|Any CPU = Debug|Any CPU
		Release|Any CPU = Release|Any CPU
	EndGlobalSection
	GlobalSection(ProjectConfigurationPlatforms) = postSolution
		{79EE02FE-BE60-496F-8D0A-8C9E5D600633}.Debug|Any CPU.ActiveCfg = Debug|Any CPU
		{79EE02FE-BE60-496F-8D0A-8C9E5D600633}.Debug|Any CPU.Build.0 = Debug|Any CPU
		{79EE02FE-BE60-496F-8D0A-8C9E5D600633}.Release|Any CPU.ActiveCfg = Release|Any CPU
		{79EE02FE-BE60-496F-8D0A-8C9E5D600633}.Release|Any CPU.Build.0 = Release|Any CPU
		{7882269E-AA15-45FE-9D12-473FF508B9D9}.Debug|Any CPU.ActiveCfg = Debug|Any CPU
		{7882269E-AA15-45FE-9D12-473FF508B9D9}.Debug|Any CPU.Build.0 = Debug|Any CPU
		{7882269E-AA15-45FE-9D12-473FF508B9D9}.Release|Any CPU.ActiveCfg = Release|Any CPU
		{7882269E-AA15-45FE-9D12-473FF508B9D9}.Release|Any CPU.Build.0 = Release|Any CPU
	EndGlobalSection
	GlobalSection(SolutionProperties) = preSolution
		HideSolutionNode = FALSE
	EndGlobalSection
	GlobalSection(ExtensibilityGlobals) = postSolution
		SolutionGuid = {56526A6B-A514-46D7-B076-27AEF3AF0237}
	EndGlobalSection
EndGlobal
